
Microsoft Visual Studio Solution File, Format Version 12.00
# Visual Studio Version 17
VisualStudioVersion = 17.7.34031.279
MinimumVisualStudioVersion = 10.0.40219.1
Project("{FAE04EC0-301F-11D3-BF4B-00C04F79EFBC}") = "MML_RealFunctionVisualizer", "MML_RealFunctionVisualizer\MML_RealFunctionVisualizer.csproj", "{8F0F1835-7AC9-4C4B-B3DB-557DDD218465}"
EndProject
Project("{FAE04EC0-301F-11D3-BF4B-00C04F79EFBC}") = "MML_WorldVisualizer", "MML_WorldVisualizer\MML_WorldVisualizer.csproj", "{9EA2F264-D689-477C-837A-2ABC52061326}"
EndProject
Project("{FAE04EC0-301F-11D3-BF4B-00C04F79EFBC}") = "MML_ParametricCurve2D_Visualizer", "MML_ParametricCurve2D_Visualizer\MML_ParametricCurve2D_Visualizer.csproj", "{7E0BAE6D-F259-4027-A1C6-A4CF720DC410}"
EndProject
Project("{FAE04EC0-301F-11D3-BF4B-00C04F79EFBC}") = "MML_ParametricCurve3D_Visualizer", "MML_ParametricCurve3D_Visualizer\MML_ParametricCurve3D_Visualizer.csproj", "{A729CBC1-8445-41B4-82C9-256E27085BCE}"
EndProject
Project("{FAE04EC0-301F-11D3-BF4B-00C04F79EFBC}") = "MML_ScalarFunction2D_Visualizer", "MML_ScalarFunction2D_Visualizer\MML_ScalarFunction2D_Visualizer.csproj", "{540047F8-2133-4F5F-896B-70838B0A8E6A}"
EndProject
Project("{FAE04EC0-301F-11D3-BF4B-00C04F79EFBC}") = "MML_ScalarFunction3D_Visualizer", "MML_ScalarFunction3D_Visualizer\MML_ScalarFunction3D_Visualizer.csproj", "{B889249A-0B96-41D7-9A50-DF1F0207BCC1}"
EndProject
Project("{2150E333-8FDC-42A3-9474-1A3956D46DE8}") = "Solution Items", "Solution Items", "{D8151BBC-59C4-4ADF-95B8-BF32BB234CE9}"
EndProject
Project("{FAE04EC0-301F-11D3-BF4B-00C04F79EFBC}") = "MML_VectorField3D_Visualizer", "MML_VectorField3D_Visualizer\MML_VectorField3D_Visualizer.csproj", "{DBFACD17-8537-4150-B289-465912C68E59}"
EndProject
Project("{FAE04EC0-301F-11D3-BF4B-00C04F79EFBC}") = "MML_VectorField2D_Visualizer", "MML_VectorField2D_Visualizer\MML_VectorField2D_Visualizer.csproj", "{644313DB-A9DE-447D-8783-CC591C726B3B}"
EndProject
Project("{FAE04EC0-301F-11D3-BF4B-00C04F79EFBC}") = "MML_ParticleVisualizer2D", "MML_ParticleVisualizer2D\MML_ParticleVisualizer2D.csproj", "{6B85AF5D-0292-49EE-AB1E-C1A25074FF87}"
EndProject
Project("{FAE04EC0-301F-11D3-BF4B-00C04F79EFBC}") = "MML_ParticleVisualizer3D", "MML_ParticleVisualizer3D\MML_ParticleVisualizer3D.csproj", "{0B9F5682-CB5C-4D4A-AC23-D281F42F2060}"
EndProject
Project("{FAE04EC0-301F-11D3-BF4B-00C04F79EFBC}") = "MathLibCSharp", "..\..\MathLibCSharp\MathLibCSharp\MathLibCSharp.csproj", "{29BBA1C6-A77E-E4ED-BE46-95795549C030}"
EndProject
Project("{FAE04EC0-301F-11D3-BF4B-00C04F79EFBC}") = "WPF3DHelperLib", "..\..\WPF_3D_Helper\WPF3DHelperLib\WPF3DHelperLib.csproj", "{632F779E-761C-A0EB-E553-70FE15C3CCAA}"
EndProject
Project("{FAE04EC0-301F-11D3-BF4B-00C04F79EFBC}") = "MML_VisualizersBase", "MML_VisualizersBase\MML_VisualizersBase.csproj", "{C44EA869-2230-4B65-A7D6-DC8C01919846}"
EndProject
Global
	GlobalSection(SolutionConfigurationPlatforms) = preSolution
		Debug|Any CPU = Debug|Any CPU
		Release|Any CPU = Release|Any CPU
	EndGlobalSection
	GlobalSection(ProjectConfigurationPlatforms) = postSolution
		{8F0F1835-7AC9-4C4B-B3DB-557DDD218465}.Debug|Any CPU.ActiveCfg = Debug|Any CPU
		{8F0F1835-7AC9-4C4B-B3DB-557DDD218465}.Debug|Any CPU.Build.0 = Debug|Any CPU
		{8F0F1835-7AC9-4C4B-B3DB-557DDD218465}.Release|Any CPU.ActiveCfg = Release|Any CPU
		{8F0F1835-7AC9-4C4B-B3DB-557DDD218465}.Release|Any CPU.Build.0 = Release|Any CPU
		{9EA2F264-D689-477C-837A-2ABC52061326}.Debug|Any CPU.ActiveCfg = Debug|Any CPU
		{9EA2F264-D689-477C-837A-2ABC52061326}.Debug|Any CPU.Build.0 = Debug|Any CPU
		{9EA2F264-D689-477C-837A-2ABC52061326}.Release|Any CPU.ActiveCfg = Release|Any CPU
		{9EA2F264-D689-477C-837A-2ABC52061326}.Release|Any CPU.Build.0 = Release|Any CPU
		{7E0BAE6D-F259-4027-A1C6-A4CF720DC410}.Debug|Any CPU.ActiveCfg = Debug|Any CPU
		{7E0BAE6D-F259-4027-A1C6-A4CF720DC410}.Debug|Any CPU.Build.0 = Debug|Any CPU
		{7E0BAE6D-F259-4027-A1C6-A4CF720DC410}.Release|Any CPU.ActiveCfg = Release|Any CPU
		{7E0BAE6D-F259-4027-A1C6-A4CF720DC410}.Release|Any CPU.Build.0 = Release|Any CPU
		{A729CBC1-8445-41B4-82C9-256E27085BCE}.Debug|Any CPU.ActiveCfg = Debug|Any CPU
		{A729CBC1-8445-41B4-82C9-256E27085BCE}.Debug|Any CPU.Build.0 = Debug|Any CPU
		{A729CBC1-8445-41B4-82C9-256E27085BCE}.Release|Any CPU.ActiveCfg = Release|Any CPU
		{A729CBC1-8445-41B4-82C9-256E27085BCE}.Release|Any CPU.Build.0 = Release|Any CPU
		{540047F8-2133-4F5F-896B-70838B0A8E6A}.Debug|Any CPU.ActiveCfg = Debug|Any CPU
		{540047F8-2133-4F5F-896B-70838B0A8E6A}.Debug|Any CPU.Build.0 = Debug|Any CPU
		{540047F8-2133-4F5F-896B-70838B0A8E6A}.Release|Any CPU.ActiveCfg = Release|Any CPU
		{540047F8-2133-4F5F-896B-70838B0A8E6A}.Release|Any CPU.Build.0 = Release|Any CPU
		{B889249A-0B96-41D7-9A50-DF1F0207BCC1}.Debug|Any CPU.ActiveCfg = Debug|Any CPU
		{B889249A-0B96-41D7-9A50-DF1F0207BCC1}.Debug|Any CPU.Build.0 = Debug|Any CPU
		{B889249A-0B96-41D7-9A50-DF1F0207BCC1}.Release|Any CPU.ActiveCfg = Release|Any CPU
		{B889249A-0B96-41D7-9A50-DF1F0207BCC1}.Release|Any CPU.Build.0 = Release|Any CPU
		{DBFACD17-8537-4150-B289-465912C68E59}.Debug|Any CPU.ActiveCfg = Debug|Any CPU
		{DBFACD17-8537-4150-B289-465912C68E59}.Debug|Any CPU.Build.0 = Debug|Any CPU
		{DBFACD17-8537-4150-B289-465912C68E59}.Release|Any CPU.ActiveCfg = Release|Any CPU
		{DBFACD17-8537-4150-B289-465912C68E59}.Release|Any CPU.Build.0 = Release|Any CPU
		{644313DB-A9DE-447D-8783-CC591C726B3B}.Debug|Any CPU.ActiveCfg = Debug|Any CPU
		{644313DB-A9DE-447D-8783-CC591C726B3B}.Debug|Any CPU.Build.0 = Debug|Any CPU
		{644313DB-A9DE-447D-8783-CC591C726B3B}.Release|Any CPU.ActiveCfg = Release|Any CPU
		{644313DB-A9DE-447D-8783-CC591C726B3B}.Release|Any CPU.Build.0 = Release|Any CPU
		{6B85AF5D-0292-49EE-AB1E-C1A25074FF87}.Debug|Any CPU.ActiveCfg = Debug|Any CPU
		{6B85AF5D-0292-49EE-AB1E-C1A25074FF87}.Debug|Any CPU.Build.0 = Debug|Any CPU
		{6B85AF5D-0292-49EE-AB1E-C1A25074FF87}.Release|Any CPU.ActiveCfg = Release|Any CPU
		{6B85AF5D-0292-49EE-AB1E-C1A25074FF87}.Release|Any CPU.Build.0 = Release|Any CPU
		{0B9F5682-CB5C-4D4A-AC23-D281F42F2060}.Debug|Any CPU.ActiveCfg = Debug|Any CPU
		{0B9F5682-CB5C-4D4A-AC23-D281F42F2060}.Debug|Any CPU.Build.0 = Debug|Any CPU
		{0B9F5682-CB5C-4D4A-AC23-D281F42F2060}.Release|Any CPU.ActiveCfg = Release|Any CPU
		{0B9F5682-CB5C-4D4A-AC23-D281F42F2060}.Release|Any CPU.Build.0 = Release|Any CPU
		{29BBA1C6-A77E-E4ED-BE46-95795549C030}.Debug|Any CPU.ActiveCfg = Debug|Any CPU
		{29BBA1C6-A77E-E4ED-BE46-95795549C030}.Debug|Any CPU.Build.0 = Debug|Any CPU
		{29BBA1C6-A77E-E4ED-BE46-95795549C030}.Release|Any CPU.ActiveCfg = Release|Any CPU
		{29BBA1C6-A77E-E4ED-BE46-95795549C030}.Release|Any CPU.Build.0 = Release|Any CPU
		{632F779E-761C-A0EB-E553-70FE15C3CCAA}.Debug|Any CPU.ActiveCfg = Debug|Any CPU
		{632F779E-761C-A0EB-E553-70FE15C3CCAA}.Debug|Any CPU.Build.0 = Debug|Any CPU
		{632F779E-761C-A0EB-E553-70FE15C3CCAA}.Release|Any CPU.ActiveCfg = Release|Any CPU
		{632F779E-761C-A0EB-E553-70FE15C3CCAA}.Release|Any CPU.Build.0 = Release|Any CPU
		{C44EA869-2230-4B65-A7D6-DC8C01919846}.Debug|Any CPU.ActiveCfg = Debug|Any CPU
		{C44EA869-2230-4B65-A7D6-DC8C01919846}.Debug|Any CPU.Build.0 = Debug|Any CPU
		{C44EA869-2230-4B65-A7D6-DC8C01919846}.Release|Any CPU.ActiveCfg = Release|Any CPU
		{C44EA869-2230-4B65-A7D6-DC8C01919846}.Release|Any CPU.Build.0 = Release|Any CPU
	EndGlobalSection
	GlobalSection(SolutionProperties) = preSolution
		HideSolutionNode = FALSE
	EndGlobalSection
	GlobalSection(ExtensibilityGlobals) = postSolution
		SolutionGuid = {445D127A-8D29-4655-AEB8-3BD8D333080E}
	EndGlobalSection
EndGlobal
